
Microsoft Visual Studio Solution File, Format Version 12.00
# Visual Studio 2012
Project("{FAE04EC0-301F-11D3-BF4B-00C04F79EFBC}") = "Abbreviation.Service", "src\Abbreviation.Service\Abbreviation.Service.csproj", "{CEF0B128-FBBA-4AA3-97F2-1184B0F2A405}"
EndProject
Project("{FAE04EC0-301F-11D3-BF4B-00C04F79EFBC}") = "Abbreviation.Web", "src\Abbreviation.Web\Abbreviation.Web.csproj", "{94184E13-BC94-414B-BD0B-6899F737A693}"
EndProject
Global
	GlobalSection(SolutionConfigurationPlatforms) = preSolution
		Debug|Any CPU = Debug|Any CPU
		Release|Any CPU = Release|Any CPU
	EndGlobalSection
	GlobalSection(ProjectConfigurationPlatforms) = postSolution
		{CEF0B128-FBBA-4AA3-97F2-1184B0F2A405}.Debug|Any CPU.ActiveCfg = Debug|Any CPU
		{CEF0B128-FBBA-4AA3-97F2-1184B0F2A405}.Debug|Any CPU.Build.0 = Debug|Any CPU
		{CEF0B128-FBBA-4AA3-97F2-1184B0F2A405}.Release|Any CPU.ActiveCfg = Release|Any CPU
		{CEF0B128-FBBA-4AA3-97F2-1184B0F2A405}.Release|Any CPU.Build.0 = Release|Any CPU
		{94184E13-BC94-414B-BD0B-6899F737A693}.Debug|Any CPU.ActiveCfg = Debug|Any CPU
		{94184E13-BC94-414B-BD0B-6899F737A693}.Debug|Any CPU.Build.0 = Debug|Any CPU
		{94184E13-BC94-414B-BD0B-6899F737A693}.Release|Any CPU.ActiveCfg = Release|Any CPU
		{94184E13-BC94-414B-BD0B-6899F737A693}.Release|Any CPU.Build.0 = Release|Any CPU
	EndGlobalSection
	GlobalSection(SolutionProperties) = preSolution
		HideSolutionNode = FALSE
	EndGlobalSection
EndGlobal
